// !$*UTF8*$!
{
	archiveVersion = 1;
	classes = {
	};
	objectVersion = 55;
	objects = {

/* Begin PBXBuildFile section */
		DE0135812880A84D00D86376 /* AppDelegate.swift in Sources */ = {isa = PBXBuildFile; fileRef = DE0135802880A84D00D86376 /* AppDelegate.swift */; };
		DE0135832880A84D00D86376 /* SceneDelegate.swift in Sources */ = {isa = PBXBuildFile; fileRef = DE0135822880A84D00D86376 /* SceneDelegate.swift */; };
		DE0135852880A84D00D86376 /* ViewController.swift in Sources */ = {isa = PBXBuildFile; fileRef = DE0135842880A84D00D86376 /* ViewController.swift */; };
		DE0135882880A84D00D86376 /* Main.storyboard in Resources */ = {isa = PBXBuildFile; fileRef = DE0135862880A84D00D86376 /* Main.storyboard */; };
		DE01358A2880A84D00D86376 /* Assets.xcassets in Resources */ = {isa = PBXBuildFile; fileRef = DE0135892880A84D00D86376 /* Assets.xcassets */; };
		DE01358D2880A84D00D86376 /* LaunchScreen.storyboard in Resources */ = {isa = PBXBuildFile; fileRef = DE01358B2880A84D00D86376 /* LaunchScreen.storyboard */; };
		DE01359D2880A99600D86376 /* APIKit.docc in Sources */ = {isa = PBXBuildFile; fileRef = DE01359C2880A99600D86376 /* APIKit.docc */; };
		DE0135A32880A99600D86376 /* APIKit.framework in Frameworks */ = {isa = PBXBuildFile; fileRef = DE0135992880A99600D86376 /* APIKit.framework */; };
		DE0135AA2880A99600D86376 /* APIKitTests.swift in Sources */ = {isa = PBXBuildFile; fileRef = DE0135A92880A99600D86376 /* APIKitTests.swift */; };
		DE0135AB2880A99600D86376 /* APIKit.h in Headers */ = {isa = PBXBuildFile; fileRef = DE01359B2880A99600D86376 /* APIKit.h */; settings = {ATTRIBUTES = (Public, ); }; };
		DE0135AE2880A99600D86376 /* APIKit.framework in Frameworks */ = {isa = PBXBuildFile; fileRef = DE0135992880A99600D86376 /* APIKit.framework */; };
		DE0135AF2880A99600D86376 /* APIKit.framework in Embed Frameworks */ = {isa = PBXBuildFile; fileRef = DE0135992880A99600D86376 /* APIKit.framework */; settings = {ATTRIBUTES = (CodeSignOnCopy, RemoveHeadersOnCopy, ); }; };
		DE0135B82880A9AA00D86376 /* APICaller.swift in Sources */ = {isa = PBXBuildFile; fileRef = DE0135B72880A9AA00D86376 /* APICaller.swift */; };
		DE0135C22880AA6C00D86376 /* MyAppUIKit.docc in Sources */ = {isa = PBXBuildFile; fileRef = DE0135C12880AA6C00D86376 /* MyAppUIKit.docc */; };
		DE0135C82880AA6D00D86376 /* MyAppUIKit.framework in Frameworks */ = {isa = PBXBuildFile; fileRef = DE0135BE2880AA6C00D86376 /* MyAppUIKit.framework */; };
		DE0135CF2880AA6D00D86376 /* MyAppUIKitTests.swift in Sources */ = {isa = PBXBuildFile; fileRef = DE0135CE2880AA6D00D86376 /* MyAppUIKitTests.swift */; };
		DE0135D02880AA6D00D86376 /* MyAppUIKit.h in Headers */ = {isa = PBXBuildFile; fileRef = DE0135C02880AA6C00D86376 /* MyAppUIKit.h */; settings = {ATTRIBUTES = (Public, ); }; };
		DE0135D32880AA6D00D86376 /* MyAppUIKit.framework in Frameworks */ = {isa = PBXBuildFile; fileRef = DE0135BE2880AA6C00D86376 /* MyAppUIKit.framework */; };
		DE0135D42880AA6D00D86376 /* MyAppUIKit.framework in Embed Frameworks */ = {isa = PBXBuildFile; fileRef = DE0135BE2880AA6C00D86376 /* MyAppUIKit.framework */; settings = {ATTRIBUTES = (CodeSignOnCopy, RemoveHeadersOnCopy, ); }; };
		DE0135DC2880AACB00D86376 /* CoursesViewController.swift in Sources */ = {isa = PBXBuildFile; fileRef = DE0135DB2880AACB00D86376 /* CoursesViewController.swift */; };
/* End PBXBuildFile section */

/* Begin PBXContainerItemProxy section */
		DE0135A42880A99600D86376 /* PBXContainerItemProxy */ = {
			isa = PBXContainerItemProxy;
			containerPortal = DE0135752880A84C00D86376 /* Project object */;
			proxyType = 1;
			remoteGlobalIDString = DE0135982880A99600D86376;
			remoteInfo = APIKit;
		};
		DE0135A62880A99600D86376 /* PBXContainerItemProxy */ = {
			isa = PBXContainerItemProxy;
			containerPortal = DE0135752880A84C00D86376 /* Project object */;
			proxyType = 1;
			remoteGlobalIDString = DE01357C2880A84D00D86376;
			remoteInfo = DependencyInjectionStudy;
		};
		DE0135AC2880A99600D86376 /* PBXContainerItemProxy */ = {
			isa = PBXContainerItemProxy;
			containerPortal = DE0135752880A84C00D86376 /* Project object */;
			proxyType = 1;
			remoteGlobalIDString = DE0135982880A99600D86376;
			remoteInfo = APIKit;
		};
		DE0135C92880AA6D00D86376 /* PBXContainerItemProxy */ = {
			isa = PBXContainerItemProxy;
			containerPortal = DE0135752880A84C00D86376 /* Project object */;
			proxyType = 1;
			remoteGlobalIDString = DE0135BD2880AA6C00D86376;
			remoteInfo = MyAppUIKit;
		};
		DE0135CB2880AA6D00D86376 /* PBXContainerItemProxy */ = {
			isa = PBXContainerItemProxy;
			containerPortal = DE0135752880A84C00D86376 /* Project object */;
			proxyType = 1;
			remoteGlobalIDString = DE01357C2880A84D00D86376;
			remoteInfo = DependencyInjectionStudy;
		};
		DE0135D12880AA6D00D86376 /* PBXContainerItemProxy */ = {
			isa = PBXContainerItemProxy;
			containerPortal = DE0135752880A84C00D86376 /* Project object */;
			proxyType = 1;
			remoteGlobalIDString = DE0135BD2880AA6C00D86376;
			remoteInfo = MyAppUIKit;
		};
/* End PBXContainerItemProxy section */

/* Begin PBXCopyFilesBuildPhase section */
		DE0135B32880A99600D86376 /* Embed Frameworks */ = {
			isa = PBXCopyFilesBuildPhase;
			buildActionMask = 2147483647;
			dstPath = "";
			dstSubfolderSpec = 10;
			files = (
				DE0135AF2880A99600D86376 /* APIKit.framework in Embed Frameworks */,
				DE0135D42880AA6D00D86376 /* MyAppUIKit.framework in Embed Frameworks */,
			);
			name = "Embed Frameworks";
			runOnlyForDeploymentPostprocessing = 0;
		};
/* End PBXCopyFilesBuildPhase section */

/* Begin PBXFileReference section */
		DE01357D2880A84D00D86376 /* DependencyInjectionStudy.app */ = {isa = PBXFileReference; explicitFileType = wrapper.application; includeInIndex = 0; path = DependencyInjectionStudy.app; sourceTree = BUILT_PRODUCTS_DIR; };
		DE0135802880A84D00D86376 /* AppDelegate.swift */ = {isa = PBXFileReference; lastKnownFileType = sourcecode.swift; path = AppDelegate.swift; sourceTree = "<group>"; };
		DE0135822880A84D00D86376 /* SceneDelegate.swift */ = {isa = PBXFileReference; lastKnownFileType = sourcecode.swift; path = SceneDelegate.swift; sourceTree = "<group>"; };
		DE0135842880A84D00D86376 /* ViewController.swift */ = {isa = PBXFileReference; lastKnownFileType = sourcecode.swift; path = ViewController.swift; sourceTree = "<group>"; };
		DE0135872880A84D00D86376 /* Base */ = {isa = PBXFileReference; lastKnownFileType = file.storyboard; name = Base; path = Base.lproj/Main.storyboard; sourceTree = "<group>"; };
		DE0135892880A84D00D86376 /* Assets.xcassets */ = {isa = PBXFileReference; lastKnownFileType = folder.assetcatalog; path = Assets.xcassets; sourceTree = "<group>"; };
		DE01358C2880A84D00D86376 /* Base */ = {isa = PBXFileReference; lastKnownFileType = file.storyboard; name = Base; path = Base.lproj/LaunchScreen.storyboard; sourceTree = "<group>"; };
		DE01358E2880A84D00D86376 /* Info.plist */ = {isa = PBXFileReference; lastKnownFileType = text.plist.xml; path = Info.plist; sourceTree = "<group>"; };
		DE0135992880A99600D86376 /* APIKit.framework */ = {isa = PBXFileReference; explicitFileType = wrapper.framework; includeInIndex = 0; path = APIKit.framework; sourceTree = BUILT_PRODUCTS_DIR; };
		DE01359B2880A99600D86376 /* APIKit.h */ = {isa = PBXFileReference; lastKnownFileType = sourcecode.c.h; path = APIKit.h; sourceTree = "<group>"; };
		DE01359C2880A99600D86376 /* APIKit.docc */ = {isa = PBXFileReference; lastKnownFileType = folder.documentationcatalog; path = APIKit.docc; sourceTree = "<group>"; };
		DE0135A22880A99600D86376 /* APIKitTests.xctest */ = {isa = PBXFileReference; explicitFileType = wrapper.cfbundle; includeInIndex = 0; path = APIKitTests.xctest; sourceTree = BUILT_PRODUCTS_DIR; };
		DE0135A92880A99600D86376 /* APIKitTests.swift */ = {isa = PBXFileReference; lastKnownFileType = sourcecode.swift; path = APIKitTests.swift; sourceTree = "<group>"; };
		DE0135B72880A9AA00D86376 /* APICaller.swift */ = {isa = PBXFileReference; lastKnownFileType = sourcecode.swift; path = APICaller.swift; sourceTree = "<group>"; };
		DE0135BE2880AA6C00D86376 /* MyAppUIKit.framework */ = {isa = PBXFileReference; explicitFileType = wrapper.framework; includeInIndex = 0; path = MyAppUIKit.framework; sourceTree = BUILT_PRODUCTS_DIR; };
		DE0135C02880AA6C00D86376 /* MyAppUIKit.h */ = {isa = PBXFileReference; lastKnownFileType = sourcecode.c.h; path = MyAppUIKit.h; sourceTree = "<group>"; };
		DE0135C12880AA6C00D86376 /* MyAppUIKit.docc */ = {isa = PBXFileReference; lastKnownFileType = folder.documentationcatalog; path = MyAppUIKit.docc; sourceTree = "<group>"; };
		DE0135C72880AA6D00D86376 /* MyAppUIKitTests.xctest */ = {isa = PBXFileReference; explicitFileType = wrapper.cfbundle; includeInIndex = 0; path = MyAppUIKitTests.xctest; sourceTree = BUILT_PRODUCTS_DIR; };
		DE0135CE2880AA6D00D86376 /* MyAppUIKitTests.swift */ = {isa = PBXFileReference; lastKnownFileType = sourcecode.swift; path = MyAppUIKitTests.swift; sourceTree = "<group>"; };
		DE0135DB2880AACB00D86376 /* CoursesViewController.swift */ = {isa = PBXFileReference; lastKnownFileType = sourcecode.swift; path = CoursesViewController.swift; sourceTree = "<group>"; };
/* End PBXFileReference section */

/* Begin PBXFrameworksBuildPhase section */
		DE01357A2880A84D00D86376 /* Frameworks */ = {
			isa = PBXFrameworksBuildPhase;
			buildActionMask = 2147483647;
			files = (
				DE0135AE2880A99600D86376 /* APIKit.framework in Frameworks */,
				DE0135D32880AA6D00D86376 /* MyAppUIKit.framework in Frameworks */,
			);
			runOnlyForDeploymentPostprocessing = 0;
		};
		DE0135962880A99600D86376 /* Frameworks */ = {
			isa = PBXFrameworksBuildPhase;
			buildActionMask = 2147483647;
			files = (
			);
			runOnlyForDeploymentPostprocessing = 0;
		};
		DE01359F2880A99600D86376 /* Frameworks */ = {
			isa = PBXFrameworksBuildPhase;
			buildActionMask = 2147483647;
			files = (
				DE0135A32880A99600D86376 /* APIKit.framework in Frameworks */,
			);
			runOnlyForDeploymentPostprocessing = 0;
		};
		DE0135BB2880AA6C00D86376 /* Frameworks */ = {
			isa = PBXFrameworksBuildPhase;
			buildActionMask = 2147483647;
			files = (
			);
			runOnlyForDeploymentPostprocessing = 0;
		};
		DE0135C42880AA6C00D86376 /* Frameworks */ = {
			isa = PBXFrameworksBuildPhase;
			buildActionMask = 2147483647;
			files = (
				DE0135C82880AA6D00D86376 /* MyAppUIKit.framework in Frameworks */,
			);
			runOnlyForDeploymentPostprocessing = 0;
		};
/* End PBXFrameworksBuildPhase section */

/* Begin PBXGroup section */
		DE0135742880A84C00D86376 = {
			isa = PBXGroup;
			children = (
				DE01357F2880A84D00D86376 /* DependencyInjectionStudy */,
				DE01359A2880A99600D86376 /* APIKit */,
				DE0135A82880A99600D86376 /* APIKitTests */,
				DE0135BF2880AA6C00D86376 /* MyAppUIKit */,
				DE0135CD2880AA6D00D86376 /* MyAppUIKitTests */,
				DE01357E2880A84D00D86376 /* Products */,
			);
			sourceTree = "<group>";
		};
		DE01357E2880A84D00D86376 /* Products */ = {
			isa = PBXGroup;
			children = (
				DE01357D2880A84D00D86376 /* DependencyInjectionStudy.app */,
				DE0135992880A99600D86376 /* APIKit.framework */,
				DE0135A22880A99600D86376 /* APIKitTests.xctest */,
				DE0135BE2880AA6C00D86376 /* MyAppUIKit.framework */,
				DE0135C72880AA6D00D86376 /* MyAppUIKitTests.xctest */,
			);
			name = Products;
			sourceTree = "<group>";
		};
		DE01357F2880A84D00D86376 /* DependencyInjectionStudy */ = {
			isa = PBXGroup;
			children = (
				DE0135802880A84D00D86376 /* AppDelegate.swift */,
				DE0135822880A84D00D86376 /* SceneDelegate.swift */,
				DE0135842880A84D00D86376 /* ViewController.swift */,
				DE0135862880A84D00D86376 /* Main.storyboard */,
				DE0135892880A84D00D86376 /* Assets.xcassets */,
				DE01358B2880A84D00D86376 /* LaunchScreen.storyboard */,
				DE01358E2880A84D00D86376 /* Info.plist */,
			);
			path = DependencyInjectionStudy;
			sourceTree = "<group>";
		};
		DE01359A2880A99600D86376 /* APIKit */ = {
			isa = PBXGroup;
			children = (
				DE01359B2880A99600D86376 /* APIKit.h */,
				DE01359C2880A99600D86376 /* APIKit.docc */,
				DE0135B72880A9AA00D86376 /* APICaller.swift */,
			);
			path = APIKit;
			sourceTree = "<group>";
		};
		DE0135A82880A99600D86376 /* APIKitTests */ = {
			isa = PBXGroup;
			children = (
				DE0135A92880A99600D86376 /* APIKitTests.swift */,
			);
			path = APIKitTests;
			sourceTree = "<group>";
		};
		DE0135BF2880AA6C00D86376 /* MyAppUIKit */ = {
			isa = PBXGroup;
			children = (
				DE0135C02880AA6C00D86376 /* MyAppUIKit.h */,
				DE0135C12880AA6C00D86376 /* MyAppUIKit.docc */,
				DE0135DB2880AACB00D86376 /* CoursesViewController.swift */,
			);
			path = MyAppUIKit;
			sourceTree = "<group>";
		};
		DE0135CD2880AA6D00D86376 /* MyAppUIKitTests */ = {
			isa = PBXGroup;
			children = (
				DE0135CE2880AA6D00D86376 /* MyAppUIKitTests.swift */,
			);
			path = MyAppUIKitTests;
			sourceTree = "<group>";
		};
/* End PBXGroup section */

/* Begin PBXHeadersBuildPhase section */
		DE0135942880A99600D86376 /* Headers */ = {
			isa = PBXHeadersBuildPhase;
			buildActionMask = 2147483647;
			files = (
				DE0135AB2880A99600D86376 /* APIKit.h in Headers */,
			);
			runOnlyForDeploymentPostprocessing = 0;
		};
		DE0135B92880AA6C00D86376 /* Headers */ = {
			isa = PBXHeadersBuildPhase;
			buildActionMask = 2147483647;
			files = (
				DE0135D02880AA6D00D86376 /* MyAppUIKit.h in Headers */,
			);
			runOnlyForDeploymentPostprocessing = 0;
		};
/* End PBXHeadersBuildPhase section */

/* Begin PBXNativeTarget section */
		DE01357C2880A84D00D86376 /* DependencyInjectionStudy */ = {
			isa = PBXNativeTarget;
			buildConfigurationList = DE0135912880A84D00D86376 /* Build configuration list for PBXNativeTarget "DependencyInjectionStudy" */;
			buildPhases = (
				DE0135792880A84D00D86376 /* Sources */,
				DE01357A2880A84D00D86376 /* Frameworks */,
				DE01357B2880A84D00D86376 /* Resources */,
				DE0135B32880A99600D86376 /* Embed Frameworks */,
			);
			buildRules = (
			);
			dependencies = (
				DE0135AD2880A99600D86376 /* PBXTargetDependency */,
				DE0135D22880AA6D00D86376 /* PBXTargetDependency */,
			);
			name = DependencyInjectionStudy;
			productName = DependencyInjectionStudy;
			productReference = DE01357D2880A84D00D86376 /* DependencyInjectionStudy.app */;
			productType = "com.apple.product-type.application";
		};
		DE0135982880A99600D86376 /* APIKit */ = {
			isa = PBXNativeTarget;
			buildConfigurationList = DE0135B02880A99600D86376 /* Build configuration list for PBXNativeTarget "APIKit" */;
			buildPhases = (
				DE0135942880A99600D86376 /* Headers */,
				DE0135952880A99600D86376 /* Sources */,
				DE0135962880A99600D86376 /* Frameworks */,
				DE0135972880A99600D86376 /* Resources */,
			);
			buildRules = (
			);
			dependencies = (
			);
			name = APIKit;
			productName = APIKit;
			productReference = DE0135992880A99600D86376 /* APIKit.framework */;
			productType = "com.apple.product-type.framework";
		};
		DE0135A12880A99600D86376 /* APIKitTests */ = {
			isa = PBXNativeTarget;
			buildConfigurationList = DE0135B42880A99600D86376 /* Build configuration list for PBXNativeTarget "APIKitTests" */;
			buildPhases = (
				DE01359E2880A99600D86376 /* Sources */,
				DE01359F2880A99600D86376 /* Frameworks */,
				DE0135A02880A99600D86376 /* Resources */,
			);
			buildRules = (
			);
			dependencies = (
				DE0135A52880A99600D86376 /* PBXTargetDependency */,
				DE0135A72880A99600D86376 /* PBXTargetDependency */,
			);
			name = APIKitTests;
			productName = APIKitTests;
			productReference = DE0135A22880A99600D86376 /* APIKitTests.xctest */;
			productType = "com.apple.product-type.bundle.unit-test";
		};
		DE0135BD2880AA6C00D86376 /* MyAppUIKit */ = {
			isa = PBXNativeTarget;
			buildConfigurationList = DE0135D52880AA6D00D86376 /* Build configuration list for PBXNativeTarget "MyAppUIKit" */;
			buildPhases = (
				DE0135B92880AA6C00D86376 /* Headers */,
				DE0135BA2880AA6C00D86376 /* Sources */,
				DE0135BB2880AA6C00D86376 /* Frameworks */,
				DE0135BC2880AA6C00D86376 /* Resources */,
			);
			buildRules = (
			);
			dependencies = (
			);
			name = MyAppUIKit;
			productName = MyAppUIKit;
			productReference = DE0135BE2880AA6C00D86376 /* MyAppUIKit.framework */;
			productType = "com.apple.product-type.framework";
		};
		DE0135C62880AA6C00D86376 /* MyAppUIKitTests */ = {
			isa = PBXNativeTarget;
			buildConfigurationList = DE0135D82880AA6D00D86376 /* Build configuration list for PBXNativeTarget "MyAppUIKitTests" */;
			buildPhases = (
				DE0135C32880AA6C00D86376 /* Sources */,
				DE0135C42880AA6C00D86376 /* Frameworks */,
				DE0135C52880AA6C00D86376 /* Resources */,
			);
			buildRules = (
			);
			dependencies = (
				DE0135CA2880AA6D00D86376 /* PBXTargetDependency */,
				DE0135CC2880AA6D00D86376 /* PBXTargetDependency */,
			);
			name = MyAppUIKitTests;
			productName = MyAppUIKitTests;
			productReference = DE0135C72880AA6D00D86376 /* MyAppUIKitTests.xctest */;
			productType = "com.apple.product-type.bundle.unit-test";
		};
/* End PBXNativeTarget section */

/* Begin PBXProject section */
		DE0135752880A84C00D86376 /* Project object */ = {
			isa = PBXProject;
			attributes = {
				BuildIndependentTargetsInParallel = 1;
				LastSwiftUpdateCheck = 1340;
				LastUpgradeCheck = 1340;
				TargetAttributes = {
					DE01357C2880A84D00D86376 = {
						CreatedOnToolsVersion = 13.4.1;
					};
					DE0135982880A99600D86376 = {
						CreatedOnToolsVersion = 13.4.1;
					};
					DE0135A12880A99600D86376 = {
						CreatedOnToolsVersion = 13.4.1;
						TestTargetID = DE01357C2880A84D00D86376;
					};
					DE0135BD2880AA6C00D86376 = {
						CreatedOnToolsVersion = 13.4.1;
					};
					DE0135C62880AA6C00D86376 = {
						CreatedOnToolsVersion = 13.4.1;
						TestTargetID = DE01357C2880A84D00D86376;
					};
				};
			};
			buildConfigurationList = DE0135782880A84C00D86376 /* Build configuration list for PBXProject "DependencyInjectionStudy" */;
			compatibilityVersion = "Xcode 13.0";
			developmentRegion = en;
			hasScannedForEncodings = 0;
			knownRegions = (
				en,
				Base,
			);
			mainGroup = DE0135742880A84C00D86376;
			productRefGroup = DE01357E2880A84D00D86376 /* Products */;
			projectDirPath = "";
			projectRoot = "";
			targets = (
				DE01357C2880A84D00D86376 /* DependencyInjectionStudy */,
				DE0135982880A99600D86376 /* APIKit */,
				DE0135A12880A99600D86376 /* APIKitTests */,
				DE0135BD2880AA6C00D86376 /* MyAppUIKit */,
				DE0135C62880AA6C00D86376 /* MyAppUIKitTests */,
			);
		};
/* End PBXProject section */

/* Begin PBXResourcesBuildPhase section */
		DE01357B2880A84D00D86376 /* Resources */ = {
			isa = PBXResourcesBuildPhase;
			buildActionMask = 2147483647;
			files = (
				DE01358D2880A84D00D86376 /* LaunchScreen.storyboard in Resources */,
				DE01358A2880A84D00D86376 /* Assets.xcassets in Resources */,
				DE0135882880A84D00D86376 /* Main.storyboard in Resources */,
			);
			runOnlyForDeploymentPostprocessing = 0;
		};
		DE0135972880A99600D86376 /* Resources */ = {
			isa = PBXResourcesBuildPhase;
			buildActionMask = 2147483647;
			files = (
			);
			runOnlyForDeploymentPostprocessing = 0;
		};
		DE0135A02880A99600D86376 /* Resources */ = {
			isa = PBXResourcesBuildPhase;
			buildActionMask = 2147483647;
			files = (
			);
			runOnlyForDeploymentPostprocessing = 0;
		};
		DE0135BC2880AA6C00D86376 /* Resources */ = {
			isa = PBXResourcesBuildPhase;
			buildActionMask = 2147483647;
			files = (
			);
			runOnlyForDeploymentPostprocessing = 0;
		};
		DE0135C52880AA6C00D86376 /* Resources */ = {
			isa = PBXResourcesBuildPhase;
			buildActionMask = 2147483647;
			files = (
			);
			runOnlyForDeploymentPostprocessing = 0;
		};
/* End PBXResourcesBuildPhase section */

/* Begin PBXSourcesBuildPhase section */
		DE0135792880A84D00D86376 /* Sources */ = {
			isa = PBXSourcesBuildPhase;
			buildActionMask = 2147483647;
			files = (
				DE0135852880A84D00D86376 /* ViewController.swift in Sources */,
				DE0135812880A84D00D86376 /* AppDelegate.swift in Sources */,
				DE0135832880A84D00D86376 /* SceneDelegate.swift in Sources */,
			);
			runOnlyForDeploymentPostprocessing = 0;
		};
		DE0135952880A99600D86376 /* Sources */ = {
			isa = PBXSourcesBuildPhase;
			buildActionMask = 2147483647;
			files = (
				DE01359D2880A99600D86376 /* APIKit.docc in Sources */,
				DE0135B82880A9AA00D86376 /* APICaller.swift in Sources */,
			);
			runOnlyForDeploymentPostprocessing = 0;
		};
		DE01359E2880A99600D86376 /* Sources */ = {
			isa = PBXSourcesBuildPhase;
			buildActionMask = 2147483647;
			files = (
				DE0135AA2880A99600D86376 /* APIKitTests.swift in Sources */,
			);
			runOnlyForDeploymentPostprocessing = 0;
		};
		DE0135BA2880AA6C00D86376 /* Sources */ = {
			isa = PBXSourcesBuildPhase;
			buildActionMask = 2147483647;
			files = (
				DE0135C22880AA6C00D86376 /* MyAppUIKit.docc in Sources */,
				DE0135DC2880AACB00D86376 /* CoursesViewController.swift in Sources */,
			);
			runOnlyForDeploymentPostprocessing = 0;
		};
		DE0135C32880AA6C00D86376 /* Sources */ = {
			isa = PBXSourcesBuildPhase;
			buildActionMask = 2147483647;
			files = (
				DE0135CF2880AA6D00D86376 /* MyAppUIKitTests.swift in Sources */,
			);
			runOnlyForDeploymentPostprocessing = 0;
		};
/* End PBXSourcesBuildPhase section */

/* Begin PBXTargetDependency section */
		DE0135A52880A99600D86376 /* PBXTargetDependency */ = {
			isa = PBXTargetDependency;
			target = DE0135982880A99600D86376 /* APIKit */;
			targetProxy = DE0135A42880A99600D86376 /* PBXContainerItemProxy */;
		};
		DE0135A72880A99600D86376 /* PBXTargetDependency */ = {
			isa = PBXTargetDependency;
			target = DE01357C2880A84D00D86376 /* DependencyInjectionStudy */;
			targetProxy = DE0135A62880A99600D86376 /* PBXContainerItemProxy */;
		};
		DE0135AD2880A99600D86376 /* PBXTargetDependency */ = {
			isa = PBXTargetDependency;
			target = DE0135982880A99600D86376 /* APIKit */;
			targetProxy = DE0135AC2880A99600D86376 /* PBXContainerItemProxy */;
		};
		DE0135CA2880AA6D00D86376 /* PBXTargetDependency */ = {
			isa = PBXTargetDependency;
			target = DE0135BD2880AA6C00D86376 /* MyAppUIKit */;
			targetProxy = DE0135C92880AA6D00D86376 /* PBXContainerItemProxy */;
		};
		DE0135CC2880AA6D00D86376 /* PBXTargetDependency */ = {
			isa = PBXTargetDependency;
			target = DE01357C2880A84D00D86376 /* DependencyInjectionStudy */;
			targetProxy = DE0135CB2880AA6D00D86376 /* PBXContainerItemProxy */;
		};
		DE0135D22880AA6D00D86376 /* PBXTargetDependency */ = {
			isa = PBXTargetDependency;
			target = DE0135BD2880AA6C00D86376 /* MyAppUIKit */;
			targetProxy = DE0135D12880AA6D00D86376 /* PBXContainerItemProxy */;
		};
/* End PBXTargetDependency section */

/* Begin PBXVariantGroup section */
		DE0135862880A84D00D86376 /* Main.storyboard */ = {
			isa = PBXVariantGroup;
			children = (
				DE0135872880A84D00D86376 /* Base */,
			);
			name = Main.storyboard;
			sourceTree = "<group>";
		};
		DE01358B2880A84D00D86376 /* LaunchScreen.storyboard */ = {
			isa = PBXVariantGroup;
			children = (
				DE01358C2880A84D00D86376 /* Base */,
			);
			name = LaunchScreen.storyboard;
			sourceTree = "<group>";
		};
/* End PBXVariantGroup section */

/* Begin XCBuildConfiguration section */
		DE01358F2880A84D00D86376 /* Debug */ = {
			isa = XCBuildConfiguration;
			buildSettings = {
				ALWAYS_SEARCH_USER_PATHS = NO;
				CLANG_ANALYZER_NONNULL = YES;
				CLANG_ANALYZER_NUMBER_OBJECT_CONVERSION = YES_AGGRESSIVE;
				CLANG_CXX_LANGUAGE_STANDARD = "gnu++17";
				CLANG_ENABLE_MODULES = YES;
				CLANG_ENABLE_OBJC_ARC = YES;
				CLANG_ENABLE_OBJC_WEAK = YES;
				CLANG_WARN_BLOCK_CAPTURE_AUTORELEASING = YES;
				CLANG_WARN_BOOL_CONVERSION = YES;
				CLANG_WARN_COMMA = YES;
				CLANG_WARN_CONSTANT_CONVERSION = YES;
				CLANG_WARN_DEPRECATED_OBJC_IMPLEMENTATIONS = YES;
				CLANG_WARN_DIRECT_OBJC_ISA_USAGE = YES_ERROR;
				CLANG_WARN_DOCUMENTATION_COMMENTS = YES;
				CLANG_WARN_EMPTY_BODY = YES;
				CLANG_WARN_ENUM_CONVERSION = YES;
				CLANG_WARN_INFINITE_RECURSION = YES;
				CLANG_WARN_INT_CONVERSION = YES;
				CLANG_WARN_NON_LITERAL_NULL_CONVERSION = YES;
				CLANG_WARN_OBJC_IMPLICIT_RETAIN_SELF = YES;
				CLANG_WARN_OBJC_LITERAL_CONVERSION = YES;
				CLANG_WARN_OBJC_ROOT_CLASS = YES_ERROR;
				CLANG_WARN_QUOTED_INCLUDE_IN_FRAMEWORK_HEADER = YES;
				CLANG_WARN_RANGE_LOOP_ANALYSIS = YES;
				CLANG_WARN_STRICT_PROTOTYPES = YES;
				CLANG_WARN_SUSPICIOUS_MOVE = YES;
				CLANG_WARN_UNGUARDED_AVAILABILITY = YES_AGGRESSIVE;
				CLANG_WARN_UNREACHABLE_CODE = YES;
				CLANG_WARN__DUPLICATE_METHOD_MATCH = YES;
				COPY_PHASE_STRIP = NO;
				DEBUG_INFORMATION_FORMAT = dwarf;
				ENABLE_STRICT_OBJC_MSGSEND = YES;
				ENABLE_TESTABILITY = YES;
				GCC_C_LANGUAGE_STANDARD = gnu11;
				GCC_DYNAMIC_NO_PIC = NO;
				GCC_NO_COMMON_BLOCKS = YES;
				GCC_OPTIMIZATION_LEVEL = 0;
				GCC_PREPROCESSOR_DEFINITIONS = (
					"DEBUG=1",
					"$(inherited)",
				);
				GCC_WARN_64_TO_32_BIT_CONVERSION = YES;
				GCC_WARN_ABOUT_RETURN_TYPE = YES_ERROR;
				GCC_WARN_UNDECLARED_SELECTOR = YES;
				GCC_WARN_UNINITIALIZED_AUTOS = YES_AGGRESSIVE;
				GCC_WARN_UNUSED_FUNCTION = YES;
				GCC_WARN_UNUSED_VARIABLE = YES;
				IPHONEOS_DEPLOYMENT_TARGET = 15.5;
				MTL_ENABLE_DEBUG_INFO = INCLUDE_SOURCE;
				MTL_FAST_MATH = YES;
				ONLY_ACTIVE_ARCH = YES;
				SDKROOT = iphoneos;
				SWIFT_ACTIVE_COMPILATION_CONDITIONS = DEBUG;
				SWIFT_OPTIMIZATION_LEVEL = "-Onone";
			};
			name = Debug;
		};
		DE0135902880A84D00D86376 /* Release */ = {
			isa = XCBuildConfiguration;
			buildSettings = {
				ALWAYS_SEARCH_USER_PATHS = NO;
				CLANG_ANALYZER_NONNULL = YES;
				CLANG_ANALYZER_NUMBER_OBJECT_CONVERSION = YES_AGGRESSIVE;
				CLANG_CXX_LANGUAGE_STANDARD = "gnu++17";
				CLANG_ENABLE_MODULES = YES;
				CLANG_ENABLE_OBJC_ARC = YES;
				CLANG_ENABLE_OBJC_WEAK = YES;
				CLANG_WARN_BLOCK_CAPTURE_AUTORELEASING = YES;
				CLANG_WARN_BOOL_CONVERSION = YES;
				CLANG_WARN_COMMA = YES;
				CLANG_WARN_CONSTANT_CONVERSION = YES;
				CLANG_WARN_DEPRECATED_OBJC_IMPLEMENTATIONS = YES;
				CLANG_WARN_DIRECT_OBJC_ISA_USAGE = YES_ERROR;
				CLANG_WARN_DOCUMENTATION_COMMENTS = YES;
				CLANG_WARN_EMPTY_BODY = YES;
				CLANG_WARN_ENUM_CONVERSION = YES;
				CLANG_WARN_INFINITE_RECURSION = YES;
				CLANG_WARN_INT_CONVERSION = YES;
				CLANG_WARN_NON_LITERAL_NULL_CONVERSION = YES;
				CLANG_WARN_OBJC_IMPLICIT_RETAIN_SELF = YES;
				CLANG_WARN_OBJC_LITERAL_CONVERSION = YES;
				CLANG_WARN_OBJC_ROOT_CLASS = YES_ERROR;
				CLANG_WARN_QUOTED_INCLUDE_IN_FRAMEWORK_HEADER = YES;
				CLANG_WARN_RANGE_LOOP_ANALYSIS = YES;
				CLANG_WARN_STRICT_PROTOTYPES = YES;
				CLANG_WARN_SUSPICIOUS_MOVE = YES;
				CLANG_WARN_UNGUARDED_AVAILABILITY = YES_AGGRESSIVE;
				CLANG_WARN_UNREACHABLE_CODE = YES;
				CLANG_WARN__DUPLICATE_METHOD_MATCH = YES;
				COPY_PHASE_STRIP = NO;
				DEBUG_INFORMATION_FORMAT = "dwarf-with-dsym";
				ENABLE_NS_ASSERTIONS = NO;
				ENABLE_STRICT_OBJC_MSGSEND = YES;
				GCC_C_LANGUAGE_STANDARD = gnu11;
				GCC_NO_COMMON_BLOCKS = YES;
				GCC_WARN_64_TO_32_BIT_CONVERSION = YES;
				GCC_WARN_ABOUT_RETURN_TYPE = YES_ERROR;
				GCC_WARN_UNDECLARED_SELECTOR = YES;
				GCC_WARN_UNINITIALIZED_AUTOS = YES_AGGRESSIVE;
				GCC_WARN_UNUSED_FUNCTION = YES;
				GCC_WARN_UNUSED_VARIABLE = YES;
				IPHONEOS_DEPLOYMENT_TARGET = 15.5;
				MTL_ENABLE_DEBUG_INFO = NO;
				MTL_FAST_MATH = YES;
				SDKROOT = iphoneos;
				SWIFT_COMPILATION_MODE = wholemodule;
				SWIFT_OPTIMIZATION_LEVEL = "-O";
				VALIDATE_PRODUCT = YES;
			};
			name = Release;
		};
		DE0135922880A84D00D86376 /* Debug */ = {
			isa = XCBuildConfiguration;
			buildSettings = {
				ALWAYS_EMBED_SWIFT_STANDARD_LIBRARIES = YES;
				ASSETCATALOG_COMPILER_APPICON_NAME = AppIcon;
				ASSETCATALOG_COMPILER_GLOBAL_ACCENT_COLOR_NAME = AccentColor;
				CODE_SIGN_STYLE = Automatic;
				CURRENT_PROJECT_VERSION = 1;
				DEVELOPMENT_TEAM = 7CRNJ953YN;
				GENERATE_INFOPLIST_FILE = YES;
				INFOPLIST_FILE = DependencyInjectionStudy/Info.plist;
				INFOPLIST_KEY_UIApplicationSupportsIndirectInputEvents = YES;
				INFOPLIST_KEY_UILaunchStoryboardName = LaunchScreen;
				INFOPLIST_KEY_UIMainStoryboardFile = Main;
				INFOPLIST_KEY_UISupportedInterfaceOrientations_iPad = "UIInterfaceOrientationPortrait UIInterfaceOrientationPortraitUpsideDown UIInterfaceOrientationLandscapeLeft UIInterfaceOrientationLandscapeRight";
				INFOPLIST_KEY_UISupportedInterfaceOrientations_iPhone = "UIInterfaceOrientationPortrait UIInterfaceOrientationLandscapeLeft UIInterfaceOrientationLandscapeRight";
				LD_RUNPATH_SEARCH_PATHS = (
					"$(inherited)",
					"@executable_path/Frameworks",
				);
				MARKETING_VERSION = 1.0;
				PRODUCT_BUNDLE_IDENTIFIER = com.omerKilicaslan.DependencyInjectionStudy;
				PRODUCT_NAME = "$(TARGET_NAME)";
				SWIFT_EMIT_LOC_STRINGS = YES;
				SWIFT_VERSION = 5.0;
				TARGETED_DEVICE_FAMILY = "1,2";
			};
			name = Debug;
		};
		DE0135932880A84D00D86376 /* Release */ = {
			isa = XCBuildConfiguration;
			buildSettings = {
				ALWAYS_EMBED_SWIFT_STANDARD_LIBRARIES = YES;
				ASSETCATALOG_COMPILER_APPICON_NAME = AppIcon;
				ASSETCATALOG_COMPILER_GLOBAL_ACCENT_COLOR_NAME = AccentColor;
				CODE_SIGN_STYLE = Automatic;
				CURRENT_PROJECT_VERSION = 1;
				DEVELOPMENT_TEAM = 7CRNJ953YN;
				GENERATE_INFOPLIST_FILE = YES;
				INFOPLIST_FILE = DependencyInjectionStudy/Info.plist;
				INFOPLIST_KEY_UIApplicationSupportsIndirectInputEvents = YES;
				INFOPLIST_KEY_UILaunchStoryboardName = LaunchScreen;
				INFOPLIST_KEY_UIMainStoryboardFile = Main;
				INFOPLIST_KEY_UISupportedInterfaceOrientations_iPad = "UIInterfaceOrientationPortrait UIInterfaceOrientationPortraitUpsideDown UIInterfaceOrientationLandscapeLeft UIInterfaceOrientationLandscapeRight";
				INFOPLIST_KEY_UISupportedInterfaceOrientations_iPhone = "UIInterfaceOrientationPortrait UIInterfaceOrientationLandscapeLeft UIInterfaceOrientationLandscapeRight";
				LD_RUNPATH_SEARCH_PATHS = (
					"$(inherited)",
					"@executable_path/Frameworks",
				);
				MARKETING_VERSION = 1.0;
				PRODUCT_BUNDLE_IDENTIFIER = com.omerKilicaslan.DependencyInjectionStudy;
				PRODUCT_NAME = "$(TARGET_NAME)";
				SWIFT_EMIT_LOC_STRINGS = YES;
				SWIFT_VERSION = 5.0;
				TARGETED_DEVICE_FAMILY = "1,2";
			};
			name = Release;
		};
		DE0135B12880A99600D86376 /* Debug */ = {
			isa = XCBuildConfiguration;
			buildSettings = {
				CODE_SIGN_STYLE = Automatic;
				CURRENT_PROJECT_VERSION = 1;
				DEFINES_MODULE = YES;
				DEVELOPMENT_TEAM = 7CRNJ953YN;
				DYLIB_COMPATIBILITY_VERSION = 1;
				DYLIB_CURRENT_VERSION = 1;
				DYLIB_INSTALL_NAME_BASE = "@rpath";
				GENERATE_INFOPLIST_FILE = YES;
				INFOPLIST_KEY_NSHumanReadableCopyright = "";
				INSTALL_PATH = "$(LOCAL_LIBRARY_DIR)/Frameworks";
				LD_RUNPATH_SEARCH_PATHS = (
					"$(inherited)",
					"@executable_path/Frameworks",
					"@loader_path/Frameworks",
				);
				MARKETING_VERSION = 1.0;
				PRODUCT_BUNDLE_IDENTIFIER = com.omerKilicaslan.APIKit;
				PRODUCT_NAME = "$(TARGET_NAME:c99extidentifier)";
				SKIP_INSTALL = YES;
				SWIFT_EMIT_LOC_STRINGS = YES;
				SWIFT_VERSION = 5.0;
				TARGETED_DEVICE_FAMILY = "1,2";
				VERSIONING_SYSTEM = "apple-generic";
				VERSION_INFO_PREFIX = "";
			};
			name = Debug;
		};
		DE0135B22880A99600D86376 /* Release */ = {
			isa = XCBuildConfiguration;
			buildSettings = {
				CODE_SIGN_STYLE = Automatic;
				CURRENT_PROJECT_VERSION = 1;
				DEFINES_MODULE = YES;
				DEVELOPMENT_TEAM = 7CRNJ953YN;
				DYLIB_COMPATIBILITY_VERSION = 1;
				DYLIB_CURRENT_VERSION = 1;
				DYLIB_INSTALL_NAME_BASE = "@rpath";
				GENERATE_INFOPLIST_FILE = YES;
				INFOPLIST_KEY_NSHumanReadableCopyright = "";
				INSTALL_PATH = "$(LOCAL_LIBRARY_DIR)/Frameworks";
				LD_RUNPATH_SEARCH_PATHS = (
					"$(inherited)",
					"@executable_path/Frameworks",
					"@loader_path/Frameworks",
				);
				MARKETING_VERSION = 1.0;
				PRODUCT_BUNDLE_IDENTIFIER = com.omerKilicaslan.APIKit;
				PRODUCT_NAME = "$(TARGET_NAME:c99extidentifier)";
				SKIP_INSTALL = YES;
				SWIFT_EMIT_LOC_STRINGS = YES;
				SWIFT_VERSION = 5.0;
				TARGETED_DEVICE_FAMILY = "1,2";
				VERSIONING_SYSTEM = "apple-generic";
				VERSION_INFO_PREFIX = "";
			};
			name = Release;
		};
		DE0135B52880A99600D86376 /* Debug */ = {
			isa = XCBuildConfiguration;
			buildSettings = {
				ALWAYS_EMBED_SWIFT_STANDARD_LIBRARIES = YES;
				CODE_SIGN_STYLE = Automatic;
				CURRENT_PROJECT_VERSION = 1;
				DEVELOPMENT_TEAM = 7CRNJ953YN;
				GENERATE_INFOPLIST_FILE = YES;
				MARKETING_VERSION = 1.0;
				PRODUCT_BUNDLE_IDENTIFIER = com.omerKilicaslan.APIKitTests;
				PRODUCT_NAME = "$(TARGET_NAME)";
				SWIFT_EMIT_LOC_STRINGS = NO;
				SWIFT_VERSION = 5.0;
				TARGETED_DEVICE_FAMILY = "1,2";
				TEST_HOST = "$(BUILT_PRODUCTS_DIR)/DependencyInjectionStudy.app/DependencyInjectionStudy";
			};
			name = Debug;
		};
		DE0135B62880A99600D86376 /* Release */ = {
			isa = XCBuildConfiguration;
			buildSettings = {
				ALWAYS_EMBED_SWIFT_STANDARD_LIBRARIES = YES;
				CODE_SIGN_STYLE = Automatic;
				CURRENT_PROJECT_VERSION = 1;
				DEVELOPMENT_TEAM = 7CRNJ953YN;
				GENERATE_INFOPLIST_FILE = YES;
				MARKETING_VERSION = 1.0;
				PRODUCT_BUNDLE_IDENTIFIER = com.omerKilicaslan.APIKitTests;
				PRODUCT_NAME = "$(TARGET_NAME)";
				SWIFT_EMIT_LOC_STRINGS = NO;
				SWIFT_VERSION = 5.0;
				TARGETED_DEVICE_FAMILY = "1,2";
				TEST_HOST = "$(BUILT_PRODUCTS_DIR)/DependencyInjectionStudy.app/DependencyInjectionStudy";
			};
			name = Release;
		};
		DE0135D62880AA6D00D86376 /* Debug */ = {
			isa = XCBuildConfiguration;
			buildSettings = {
				CODE_SIGN_STYLE = Automatic;
				CURRENT_PROJECT_VERSION = 1;
				DEFINES_MODULE = YES;
				DEVELOPMENT_TEAM = 7CRNJ953YN;
				DYLIB_COMPATIBILITY_VERSION = 1;
				DYLIB_CURRENT_VERSION = 1;
				DYLIB_INSTALL_NAME_BASE = "@rpath";
				GENERATE_INFOPLIST_FILE = YES;
				INFOPLIST_KEY_NSHumanReadableCopyright = "";
				INSTALL_PATH = "$(LOCAL_LIBRARY_DIR)/Frameworks";
				LD_RUNPATH_SEARCH_PATHS = (
					"$(inherited)",
					"@executable_path/Frameworks",
					"@loader_path/Frameworks",
				);
				MARKETING_VERSION = 1.0;
				PRODUCT_BUNDLE_IDENTIFIER = com.omerKilicaslan.MyAppUIKit;
				PRODUCT_NAME = "$(TARGET_NAME:c99extidentifier)";
				SKIP_INSTALL = YES;
				SWIFT_EMIT_LOC_STRINGS = YES;
				SWIFT_VERSION = 5.0;
				TARGETED_DEVICE_FAMILY = "1,2";
				VERSIONING_SYSTEM = "apple-generic";
				VERSION_INFO_PREFIX = "";
			};
			name = Debug;
		};
		DE0135D72880AA6D00D86376 /* Release */ = {
			isa = XCBuildConfiguration;
			buildSettings = {
				CODE_SIGN_STYLE = Automatic;
				CURRENT_PROJECT_VERSION = 1;
				DEFINES_MODULE = YES;
				DEVELOPMENT_TEAM = 7CRNJ953YN;
				DYLIB_COMPATIBILITY_VERSION = 1;
				DYLIB_CURRENT_VERSION = 1;
				DYLIB_INSTALL_NAME_BASE = "@rpath";
				GENERATE_INFOPLIST_FILE = YES;
				INFOPLIST_KEY_NSHumanReadableCopyright = "";
				INSTALL_PATH = "$(LOCAL_LIBRARY_DIR)/Frameworks";
				LD_RUNPATH_SEARCH_PATHS = (
					"$(inherited)",
					"@executable_path/Frameworks",
					"@loader_path/Frameworks",
				);
				MARKETING_VERSION = 1.0;
				PRODUCT_BUNDLE_IDENTIFIER = com.omerKilicaslan.MyAppUIKit;
				PRODUCT_NAME = "$(TARGET_NAME:c99extidentifier)";
				SKIP_INSTALL = YES;
				SWIFT_EMIT_LOC_STRINGS = YES;
				SWIFT_VERSION = 5.0;
				TARGETED_DEVICE_FAMILY = "1,2";
				VERSIONING_SYSTEM = "apple-generic";
				VERSION_INFO_PREFIX = "";
			};
			name = Release;
		};
		DE0135D92880AA6D00D86376 /* Debug */ = {
			isa = XCBuildConfiguration;
			buildSettings = {
				ALWAYS_EMBED_SWIFT_STANDARD_LIBRARIES = YES;
				CODE_SIGN_STYLE = Automatic;
				CURRENT_PROJECT_VERSION = 1;
				DEVELOPMENT_TEAM = 7CRNJ953YN;
				GENERATE_INFOPLIST_FILE = YES;
				MARKETING_VERSION = 1.0;
				PRODUCT_BUNDLE_IDENTIFIER = com.omerKilicaslan.MyAppUIKitTests;
				PRODUCT_NAME = "$(TARGET_NAME)";
				SWIFT_EMIT_LOC_STRINGS = NO;
				SWIFT_VERSION = 5.0;
				TARGETED_DEVICE_FAMILY = "1,2";
				TEST_HOST = "$(BUILT_PRODUCTS_DIR)/DependencyInjectionStudy.app/DependencyInjectionStudy";
			};
			name = Debug;
		};
		DE0135DA2880AA6D00D86376 /* Release */ = {
			isa = XCBuildConfiguration;
			buildSettings = {
				ALWAYS_EMBED_SWIFT_STANDARD_LIBRARIES = YES;
				CODE_SIGN_STYLE = Automatic;
				CURRENT_PROJECT_VERSION = 1;
				DEVELOPMENT_TEAM = 7CRNJ953YN;
				GENERATE_INFOPLIST_FILE = YES;
				MARKETING_VERSION = 1.0;
				PRODUCT_BUNDLE_IDENTIFIER = com.omerKilicaslan.MyAppUIKitTests;
				PRODUCT_NAME = "$(TARGET_NAME)";
				SWIFT_EMIT_LOC_STRINGS = NO;
				SWIFT_VERSION = 5.0;
				TARGETED_DEVICE_FAMILY = "1,2";
				TEST_HOST = "$(BUILT_PRODUCTS_DIR)/DependencyInjectionStudy.app/DependencyInjectionStudy";
			};
			name = Release;
		};
/* End XCBuildConfiguration section */

/* Begin XCConfigurationList section */
		DE0135782880A84C00D86376 /* Build configuration list for PBXProject "DependencyInjectionStudy" */ = {
			isa = XCConfigurationList;
			buildConfigurations = (
				DE01358F2880A84D00D86376 /* Debug */,
				DE0135902880A84D00D86376 /* Release */,
			);
			defaultConfigurationIsVisible = 0;
			defaultConfigurationName = Release;
		};
		DE0135912880A84D00D86376 /* Build configuration list for PBXNativeTarget "DependencyInjectionStudy" */ = {
			isa = XCConfigurationList;
			buildConfigurations = (
				DE0135922880A84D00D86376 /* Debug */,
				DE0135932880A84D00D86376 /* Release */,
			);
			defaultConfigurationIsVisible = 0;
			defaultConfigurationName = Release;
		};
		DE0135B02880A99600D86376 /* Build configuration list for PBXNativeTarget "APIKit" */ = {
			isa = XCConfigurationList;
			buildConfigurations = (
				DE0135B12880A99600D86376 /* Debug */,
				DE0135B22880A99600D86376 /* Release */,
			);
			defaultConfigurationIsVisible = 0;
			defaultConfigurationName = Release;
		};
		DE0135B42880A99600D86376 /* Build configuration list for PBXNativeTarget "APIKitTests" */ = {
			isa = XCConfigurationList;
			buildConfigurations = (
				DE0135B52880A99600D86376 /* Debug */,
				DE0135B62880A99600D86376 /* Release */,
			);
			defaultConfigurationIsVisible = 0;
			defaultConfigurationName = Release;
		};
		DE0135D52880AA6D00D86376 /* Build configuration list for PBXNativeTarget "MyAppUIKit" */ = {
			isa = XCConfigurationList;
			buildConfigurations = (
				DE0135D62880AA6D00D86376 /* Debug */,
				DE0135D72880AA6D00D86376 /* Release */,
			);
			defaultConfigurationIsVisible = 0;
			defaultConfigurationName = Release;
		};
		DE0135D82880AA6D00D86376 /* Build configuration list for PBXNativeTarget "MyAppUIKitTests" */ = {
			isa = XCConfigurationList;
			buildConfigurations = (
				DE0135D92880AA6D00D86376 /* Debug */,
				DE0135DA2880AA6D00D86376 /* Release */,
			);
			defaultConfigurationIsVisible = 0;
			defaultConfigurationName = Release;
		};
/* End XCConfigurationList section */
	};
	rootObject = DE0135752880A84C00D86376 /* Project object */;
}
